// !$*UTF8*$!
{
	archiveVersion = 1;
	classes = {
	};
	objectVersion = 46;
	objects = {

/* Begin PBXBuildFile section */
		74AB1B7019D086D0004BF058 /* AppDelegate.swift in Sources */ = {isa = PBXBuildFile; fileRef = 74AB1B6F19D086D0004BF058 /* AppDelegate.swift */; };
		74AB1B7519D086D0004BF058 /* Main.storyboard in Resources */ = {isa = PBXBuildFile; fileRef = 74AB1B7319D086D0004BF058 /* Main.storyboard */; };
		74AB1B7719D086D0004BF058 /* Images.xcassets in Resources */ = {isa = PBXBuildFile; fileRef = 74AB1B7619D086D0004BF058 /* Images.xcassets */; };
		74AB1B7A19D086D0004BF058 /* LaunchScreen.xib in Resources */ = {isa = PBXBuildFile; fileRef = 74AB1B7819D086D0004BF058 /* LaunchScreen.xib */; };
		74AB1B9219D08891004BF058 /* RoorViewController.swift in Sources */ = {isa = PBXBuildFile; fileRef = 74AB1B9119D08891004BF058 /* RoorViewController.swift */; };
		74AB1B9619D089B6004BF058 /* header@2x.png in Resources */ = {isa = PBXBuildFile; fileRef = 74AB1B9519D089B6004BF058 /* header@2x.png */; };
		74AB1B9A19D08BAE004BF058 /* CategoriesTableViewController.swift in Sources */ = {isa = PBXBuildFile; fileRef = 74AB1B9919D08BAE004BF058 /* CategoriesTableViewController.swift */; };
		74AB1B9C19D0929F004BF058 /* accessory@2x.png in Resources */ = {isa = PBXBuildFile; fileRef = 74AB1B9B19D0929F004BF058 /* accessory@2x.png */; };
		74AB1B9E19D09359004BF058 /* back@2x.png in Resources */ = {isa = PBXBuildFile; fileRef = 74AB1B9D19D09359004BF058 /* back@2x.png */; };
		74AB1BA019D09388004BF058 /* SubcategoriesTableViewController.swift in Sources */ = {isa = PBXBuildFile; fileRef = 74AB1B9F19D09388004BF058 /* SubcategoriesTableViewController.swift */; };
/* End PBXBuildFile section */

/* Begin PBXFileReference section */
		74AB1B6A19D086D0004BF058 /* SwiftTest.app */ = {isa = PBXFileReference; explicitFileType = wrapper.application; includeInIndex = 0; path = SwiftTest.app; sourceTree = BUILT_PRODUCTS_DIR; };
		74AB1B6E19D086D0004BF058 /* Info.plist */ = {isa = PBXFileReference; lastKnownFileType = text.plist.xml; path = Info.plist; sourceTree = "<group>"; };
		74AB1B6F19D086D0004BF058 /* AppDelegate.swift */ = {isa = PBXFileReference; lastKnownFileType = sourcecode.swift; path = AppDelegate.swift; sourceTree = "<group>"; };
		74AB1B7419D086D0004BF058 /* Base */ = {isa = PBXFileReference; lastKnownFileType = file.storyboard; name = Base; path = Base.lproj/Main.storyboard; sourceTree = "<group>"; };
		74AB1B7619D086D0004BF058 /* Images.xcassets */ = {isa = PBXFileReference; lastKnownFileType = folder.assetcatalog; path = Images.xcassets; sourceTree = "<group>"; };
		74AB1B7919D086D0004BF058 /* Base */ = {isa = PBXFileReference; lastKnownFileType = file.xib; name = Base; path = Base.lproj/LaunchScreen.xib; sourceTree = "<group>"; };
		74AB1B9119D08891004BF058 /* RoorViewController.swift */ = {isa = PBXFileReference; fileEncoding = 4; lastKnownFileType = sourcecode.swift; path = RoorViewController.swift; sourceTree = "<group>"; };
		74AB1B9519D089B6004BF058 /* header@2x.png */ = {isa = PBXFileReference; lastKnownFileType = image.png; path = "header@2x.png"; sourceTree = "<group>"; };
		74AB1B9919D08BAE004BF058 /* CategoriesTableViewController.swift */ = {isa = PBXFileReference; fileEncoding = 4; lastKnownFileType = sourcecode.swift; path = CategoriesTableViewController.swift; sourceTree = "<group>"; };
		74AB1B9B19D0929F004BF058 /* accessory@2x.png */ = {isa = PBXFileReference; lastKnownFileType = image.png; path = "accessory@2x.png"; sourceTree = "<group>"; };
		74AB1B9D19D09359004BF058 /* back@2x.png */ = {isa = PBXFileReference; lastKnownFileType = image.png; path = "back@2x.png"; sourceTree = "<group>"; };
		74AB1B9F19D09388004BF058 /* SubcategoriesTableViewController.swift */ = {isa = PBXFileReference; fileEncoding = 4; lastKnownFileType = sourcecode.swift; path = SubcategoriesTableViewController.swift; sourceTree = "<group>"; };
/* End PBXFileReference section */

/* Begin PBXFrameworksBuildPhase section */
		74AB1B6719D086D0004BF058 /* Frameworks */ = {
			isa = PBXFrameworksBuildPhase;
			buildActionMask = 2147483647;
			files = (
			);
			runOnlyForDeploymentPostprocessing = 0;
		};
/* End PBXFrameworksBuildPhase section */

/* Begin PBXGroup section */
		74AB1B6119D086D0004BF058 = {
			isa = PBXGroup;
			children = (
				74AB1B6C19D086D0004BF058 /* SwiftTest */,
				74AB1B6B19D086D0004BF058 /* Products */,
			);
			sourceTree = "<group>";
		};
		74AB1B6B19D086D0004BF058 /* Products */ = {
			isa = PBXGroup;
			children = (
				74AB1B6A19D086D0004BF058 /* SwiftTest.app */,
			);
			name = Products;
			sourceTree = "<group>";
		};
		74AB1B6C19D086D0004BF058 /* SwiftTest */ = {
			isa = PBXGroup;
			children = (
				74AB1B8F19D08717004BF058 /* Controller */,
				74AB1B6F19D086D0004BF058 /* AppDelegate.swift */,
				74AB1B9319D089B6004BF058 /* Resources */,
				74AB1B7319D086D0004BF058 /* Main.storyboard */,
				74AB1B7619D086D0004BF058 /* Images.xcassets */,
				74AB1B7819D086D0004BF058 /* LaunchScreen.xib */,
				74AB1B6D19D086D0004BF058 /* Supporting Files */,
			);
			path = SwiftTest;
			sourceTree = "<group>";
		};
		74AB1B6D19D086D0004BF058 /* Supporting Files */ = {
			isa = PBXGroup;
			children = (
				74AB1B6E19D086D0004BF058 /* Info.plist */,
			);
			name = "Supporting Files";
			sourceTree = "<group>";
		};
		74AB1B8F19D08717004BF058 /* Controller */ = {
			isa = PBXGroup;
			children = (
				74AB1B9019D0887F004BF058 /* RootViewController */,
				74AB1B9719D08B8E004BF058 /* CategoriesViewController */,
				74AB1B9819D08B8E004BF058 /* SubcategoriesViewController */,
			);
			path = Controller;
			sourceTree = "<group>";
		};
		74AB1B9019D0887F004BF058 /* RootViewController */ = {
			isa = PBXGroup;
			children = (
				74AB1B9119D08891004BF058 /* RoorViewController.swift */,
			);
			path = RootViewController;
			sourceTree = "<group>";
		};
		74AB1B9319D089B6004BF058 /* Resources */ = {
			isa = PBXGroup;
			children = (
				74AB1B9419D089B6004BF058 /* Images */,
			);
			path = Resources;
			sourceTree = "<group>";
		};
		74AB1B9419D089B6004BF058 /* Images */ = {
			isa = PBXGroup;
			children = (
				74AB1B9D19D09359004BF058 /* back@2x.png */,
				74AB1B9B19D0929F004BF058 /* accessory@2x.png */,
				74AB1B9519D089B6004BF058 /* header@2x.png */,
			);
			path = Images;
			sourceTree = "<group>";
		};
		74AB1B9719D08B8E004BF058 /* CategoriesViewController */ = {
			isa = PBXGroup;
			children = (
				74AB1B9919D08BAE004BF058 /* CategoriesTableViewController.swift */,
			);
			path = CategoriesViewController;
			sourceTree = "<group>";
		};
		74AB1B9819D08B8E004BF058 /* SubcategoriesViewController */ = {
			isa = PBXGroup;
			children = (
				74AB1B9F19D09388004BF058 /* SubcategoriesTableViewController.swift */,
			);
			path = SubcategoriesViewController;
			sourceTree = "<group>";
		};
/* End PBXGroup section */

/* Begin PBXNativeTarget section */
		74AB1B6919D086D0004BF058 /* SwiftTest */ = {
			isa = PBXNativeTarget;
			buildConfigurationList = 74AB1B8919D086D1004BF058 /* Build configuration list for PBXNativeTarget "SwiftTest" */;
			buildPhases = (
				74AB1B6619D086D0004BF058 /* Sources */,
				74AB1B6719D086D0004BF058 /* Frameworks */,
				74AB1B6819D086D0004BF058 /* Resources */,
			);
			buildRules = (
			);
			dependencies = (
			);
			name = SwiftTest;
			productName = SwiftTest;
			productReference = 74AB1B6A19D086D0004BF058 /* SwiftTest.app */;
			productType = "com.apple.product-type.application";
		};
/* End PBXNativeTarget section */

/* Begin PBXProject section */
		74AB1B6219D086D0004BF058 /* Project object */ = {
			isa = PBXProject;
			attributes = {
				LastUpgradeCheck = 0600;
				ORGANIZATIONNAME = "Yuriy Berdnikov http://perpet.io";
				TargetAttributes = {
					74AB1B6919D086D0004BF058 = {
						CreatedOnToolsVersion = 6.0.1;
					};
				};
			};
			buildConfigurationList = 74AB1B6519D086D0004BF058 /* Build configuration list for PBXProject "SwiftTest" */;
			compatibilityVersion = "Xcode 3.2";
			developmentRegion = English;
			hasScannedForEncodings = 0;
			knownRegions = (
				en,
				Base,
			);
			mainGroup = 74AB1B6119D086D0004BF058;
			productRefGroup = 74AB1B6B19D086D0004BF058 /* Products */;
			projectDirPath = "";
			projectRoot = "";
			targets = (
				74AB1B6919D086D0004BF058 /* SwiftTest */,
			);
		};
/* End PBXProject section */

/* Begin PBXResourcesBuildPhase section */
		74AB1B6819D086D0004BF058 /* Resources */ = {
			isa = PBXResourcesBuildPhase;
			buildActionMask = 2147483647;
			files = (
				74AB1B7519D086D0004BF058 /* Main.storyboard in Resources */,
				74AB1B7A19D086D0004BF058 /* LaunchScreen.xib in Resources */,
				74AB1B7719D086D0004BF058 /* Images.xcassets in Resources */,
				74AB1B9C19D0929F004BF058 /* accessory@2x.png in Resources */,
				74AB1B9619D089B6004BF058 /* header@2x.png in Resources */,
				74AB1B9E19D09359004BF058 /* back@2x.png in Resources */,
			);
			runOnlyForDeploymentPostprocessing = 0;
		};
/* End PBXResourcesBuildPhase section */

/* Begin PBXSourcesBuildPhase section */
		74AB1B6619D086D0004BF058 /* Sources */ = {
			isa = PBXSourcesBuildPhase;
			buildActionMask = 2147483647;
			files = (
				74AB1BA019D09388004BF058 /* SubcategoriesTableViewController.swift in Sources */,
				74AB1B9A19D08BAE004BF058 /* CategoriesTableViewController.swift in Sources */,
				74AB1B9219D08891004BF058 /* RoorViewController.swift in Sources */,
				74AB1B7019D086D0004BF058 /* AppDelegate.swift in Sources */,
			);
			runOnlyForDeploymentPostprocessing = 0;
		};
/* End PBXSourcesBuildPhase section */

/* Begin PBXVariantGroup section */
		74AB1B7319D086D0004BF058 /* Main.storyboard */ = {
			isa = PBXVariantGroup;
			children = (
				74AB1B7419D086D0004BF058 /* Base */,
			);
			name = Main.storyboard;
			sourceTree = "<group>";
		};
		74AB1B7819D086D0004BF058 /* LaunchScreen.xib */ = {
			isa = PBXVariantGroup;
			children = (
				74AB1B7919D086D0004BF058 /* Base */,
			);
			name = LaunchScreen.xib;
			sourceTree = "<group>";
		};
/* End PBXVariantGroup section */

/* Begin XCBuildConfiguration section */
		74AB1B8719D086D1004BF058 /* Debug */ = {
			isa = XCBuildConfiguration;
			buildSettings = {
				ALWAYS_SEARCH_USER_PATHS = NO;
				CLANG_CXX_LANGUAGE_STANDARD = "gnu++0x";
				CLANG_CXX_LIBRARY = "libc++";
				CLANG_ENABLE_MODULES = YES;
				CLANG_ENABLE_OBJC_ARC = YES;
				CLANG_WARN_BOOL_CONVERSION = YES;
				CLANG_WARN_CONSTANT_CONVERSION = YES;
				CLANG_WARN_DIRECT_OBJC_ISA_USAGE = YES_ERROR;
				CLANG_WARN_EMPTY_BODY = YES;
				CLANG_WARN_ENUM_CONVERSION = YES;
				CLANG_WARN_INT_CONVERSION = YES;
				CLANG_WARN_OBJC_ROOT_CLASS = YES_ERROR;
				CLANG_WARN_UNREACHABLE_CODE = YES;
				CLANG_WARN__DUPLICATE_METHOD_MATCH = YES;
				"CODE_SIGN_IDENTITY[sdk=iphoneos*]" = "iPhone Developer";
				COPY_PHASE_STRIP = NO;
				ENABLE_STRICT_OBJC_MSGSEND = YES;
				GCC_C_LANGUAGE_STANDARD = gnu99;
				GCC_DYNAMIC_NO_PIC = NO;
				GCC_OPTIMIZATION_LEVEL = 0;
				GCC_PREPROCESSOR_DEFINITIONS = (
					"DEBUG=1",
					"$(inherited)",
				);
				GCC_SYMBOLS_PRIVATE_EXTERN = NO;
				GCC_WARN_64_TO_32_BIT_CONVERSION = YES;
				GCC_WARN_ABOUT_RETURN_TYPE = YES_ERROR;
				GCC_WARN_UNDECLARED_SELECTOR = YES;
				GCC_WARN_UNINITIALIZED_AUTOS = YES_AGGRESSIVE;
				GCC_WARN_UNUSED_FUNCTION = YES;
				GCC_WARN_UNUSED_VARIABLE = YES;
				IPHONEOS_DEPLOYMENT_TARGET = 7.0;
				MTL_ENABLE_DEBUG_INFO = YES;
				ONLY_ACTIVE_ARCH = YES;
				SDKROOT = iphoneos;
				SWIFT_OPTIMIZATION_LEVEL = "-Onone";
			};
			name = Debug;
		};
		74AB1B8819D086D1004BF058 /* Release */ = {
			isa = XCBuildConfiguration;
			buildSettings = {
				ALWAYS_SEARCH_USER_PATHS = NO;
				CLANG_CXX_LANGUAGE_STANDARD = "gnu++0x";
				CLANG_CXX_LIBRARY = "libc++";
				CLANG_ENABLE_MODULES = YES;
				CLANG_ENABLE_OBJC_ARC = YES;
				CLANG_WARN_BOOL_CONVERSION = YES;
				CLANG_WARN_CONSTANT_CONVERSION = YES;
				CLANG_WARN_DIRECT_OBJC_ISA_USAGE = YES_ERROR;
				CLANG_WARN_EMPTY_BODY = YES;
				CLANG_WARN_ENUM_CONVERSION = YES;
				CLANG_WARN_INT_CONVERSION = YES;
				CLANG_WARN_OBJC_ROOT_CLASS = YES_ERROR;
				CLANG_WARN_UNREACHABLE_CODE = YES;
				CLANG_WARN__DUPLICATE_METHOD_MATCH = YES;
				"CODE_SIGN_IDENTITY[sdk=iphoneos*]" = "iPhone Developer";
				COPY_PHASE_STRIP = YES;
				ENABLE_NS_ASSERTIONS = NO;
				ENABLE_STRICT_OBJC_MSGSEND = YES;
				GCC_C_LANGUAGE_STANDARD = gnu99;
				GCC_WARN_64_TO_32_BIT_CONVERSION = YES;
				GCC_WARN_ABOUT_RETURN_TYPE = YES_ERROR;
				GCC_WARN_UNDECLARED_SELECTOR = YES;
				GCC_WARN_UNINITIALIZED_AUTOS = YES_AGGRESSIVE;
				GCC_WARN_UNUSED_FUNCTION = YES;
				GCC_WARN_UNUSED_VARIABLE = YES;
				IPHONEOS_DEPLOYMENT_TARGET = 7.0;
				MTL_ENABLE_DEBUG_INFO = NO;
				SDKROOT = iphoneos;
				VALIDATE_PRODUCT = YES;
			};
			name = Release;
		};
		74AB1B8A19D086D1004BF058 /* Debug */ = {
			isa = XCBuildConfiguration;
			buildSettings = {
				ASSETCATALOG_COMPILER_APPICON_NAME = AppIcon;
				INFOPLIST_FILE = SwiftTest/Info.plist;
				LD_RUNPATH_SEARCH_PATHS = "$(inherited) @executable_path/Frameworks";
				PRODUCT_NAME = "$(TARGET_NAME)";
			};
			name = Debug;
		};
		74AB1B8B19D086D1004BF058 /* Release */ = {
			isa = XCBuildConfiguration;
			buildSettings = {
				ASSETCATALOG_COMPILER_APPICON_NAME = AppIcon;
				INFOPLIST_FILE = SwiftTest/Info.plist;
				LD_RUNPATH_SEARCH_PATHS = "$(inherited) @executable_path/Frameworks";
				PRODUCT_NAME = "$(TARGET_NAME)";
			};
			name = Release;
		};
/* End XCBuildConfiguration section */

/* Begin XCConfigurationList section */
		74AB1B6519D086D0004BF058 /* Build configuration list for PBXProject "SwiftTest" */ = {
			isa = XCConfigurationList;
			buildConfigurations = (
				74AB1B8719D086D1004BF058 /* Debug */,
				74AB1B8819D086D1004BF058 /* Release */,
			);
			defaultConfigurationIsVisible = 0;
			defaultConfigurationName = Release;
		};
		74AB1B8919D086D1004BF058 /* Build configuration list for PBXNativeTarget "SwiftTest" */ = {
			isa = XCConfigurationList;
			buildConfigurations = (
				74AB1B8A19D086D1004BF058 /* Debug */,
				74AB1B8B19D086D1004BF058 /* Release */,
			);
			defaultConfigurationIsVisible = 0;
		};
/* End XCConfigurationList section */
	};
	rootObject = 74AB1B6219D086D0004BF058 /* Project object */;
}
